
Microsoft Visual Studio Solution File, Format Version 12.00
# Visual Studio 15
VisualStudioVersion = 15.0.28307.902
MinimumVisualStudioVersion = 10.0.40219.1
Project("{8BC9CEB8-8B4A-11D0-8D11-00A0C91BC942}") = "Quick Touhou Extractor", "Quick Touhou Extractor\Quick Touhou Extractor.vcxproj", "{A2CF8E4A-25B0-4ACD-8CD9-1908E3F90959}"
EndProject
Global
	GlobalSection(SolutionConfigurationPlatforms) = preSolution
		Debug|x64 = Debug|x64
		Debug|x86 = Debug|x86
		Release|x64 = Release|x64
		Release|x86 = Release|x86
	EndGlobalSection
	GlobalSection(ProjectConfigurationPlatforms) = postSolution
		{A2CF8E4A-25B0-4ACD-8CD9-1908E3F90959}.Debug|x64.ActiveCfg = Debug|x64
		{A2CF8E4A-25B0-4ACD-8CD9-1908E3F90959}.Debug|x64.Build.0 = Debug|x64
		{A2CF8E4A-25B0-4ACD-8CD9-1908E3F90959}.Debug|x86.ActiveCfg = Debug|Win32
		{A2CF8E4A-25B0-4ACD-8CD9-1908E3F90959}.Debug|x86.Build.0 = Debug|Win32
		{A2CF8E4A-25B0-4ACD-8CD9-1908E3F90959}.Release|x64.ActiveCfg = Release|x64
		{A2CF8E4A-25B0-4ACD-8CD9-1908E3F90959}.Release|x64.Build.0 = Release|x64
		{A2CF8E4A-25B0-4ACD-8CD9-1908E3F90959}.Release|x86.ActiveCfg = Release|Win32
		{A2CF8E4A-25B0-4ACD-8CD9-1908E3F90959}.Release|x86.Build.0 = Release|Win32
	EndGlobalSection
	GlobalSection(SolutionProperties) = preSolution
		HideSolutionNode = FALSE
	EndGlobalSection
	GlobalSection(ExtensibilityGlobals) = postSolution
		SolutionGuid = {660C8457-16E3-4A37-A05D-3755A905ACE5}
	EndGlobalSection
EndGlobal
